
Microsoft Visual Studio Solution File, Format Version 12.00
# Visual Studio Version 16
VisualStudioVersion = 16.0.32901.82
MinimumVisualStudioVersion = 10.0.40219.1
Project("{FAE04EC0-301F-11D3-BF4B-00C04F79EFBC}") = "UltraGrid_GroupByBox_HideBandLabel", "UltraGrid_GroupByBox_HideBandLabel\UltraGrid_GroupByBox_HideBandLabel.csproj", "{96CE7A5A-27A1-4A94-B5EF-3F6AC3B853B9}"
EndProject
Global
	GlobalSection(SolutionConfigurationPlatforms) = preSolution
		Debug|Any CPU = Debug|Any CPU
		Release|Any CPU = Release|Any CPU
	EndGlobalSection
	GlobalSection(ProjectConfigurationPlatforms) = postSolution
		{96CE7A5A-27A1-4A94-B5EF-3F6AC3B853B9}.Debug|Any CPU.ActiveCfg = Debug|Any CPU
		{96CE7A5A-27A1-4A94-B5EF-3F6AC3B853B9}.Debug|Any CPU.Build.0 = Debug|Any CPU
		{96CE7A5A-27A1-4A94-B5EF-3F6AC3B853B9}.Release|Any CPU.ActiveCfg = Release|Any CPU
		{96CE7A5A-27A1-4A94-B5EF-3F6AC3B853B9}.Release|Any CPU.Build.0 = Release|Any CPU
	EndGlobalSection
	GlobalSection(SolutionProperties) = preSolution
		HideSolutionNode = FALSE
	EndGlobalSection
	GlobalSection(ExtensibilityGlobals) = postSolution
		SolutionGuid = {DBF8791B-6E1B-4653-8055-818881D16381}
	EndGlobalSection
EndGlobal
